
Microsoft Visual Studio Solution File, Format Version 12.00
# Visual Studio Version 17
VisualStudioVersion = 17.12.35514.174 d17.12
MinimumVisualStudioVersion = 10.0.40219.1
Project("{2150E333-8FDC-42A3-9474-1A3956D46DE8}") = "Task0", "Task0", "{361CFE67-25A0-479F-8F2C-5B4F75054F56}"
EndProject
Project("{FAE04EC0-301F-11D3-BF4B-00C04F79EFBC}") = "Tyuiu.ZainetdinovRA.Sprint4.Task0.V21", "Tyuiu.ZainetdinovRA.Sprint4.Task0.V21\Tyuiu.ZainetdinovRA.Sprint4.Task0.V21.csproj", "{E340026E-7E1F-4333-8278-157EBFA36AA9}"
EndProject
Project("{FAE04EC0-301F-11D3-BF4B-00C04F79EFBC}") = "Tyuiu.ZainetdinovRA.Sprint4.Task0.V21.Lib", "Tyuiu.ZainetdinovRA.Sprint4.Task0.V21.Lib\Tyuiu.ZainetdinovRA.Sprint4.Task0.V21.Lib.csproj", "{D7F9D74B-7691-4831-B1C8-55814EF413E2}"
EndProject
Project("{FAE04EC0-301F-11D3-BF4B-00C04F79EFBC}") = "Tyuiu.ZainetdinovRA.Sprint4.Task0.V21.Test", "Tyuiu.ZainetdinovRA.Sprint4.Task0.V21.Test\Tyuiu.ZainetdinovRA.Sprint4.Task0.V21.Test.csproj", "{9DDD20BA-658E-4DD7-9F8E-B1E2882D31A0}"
EndProject
Project("{2150E333-8FDC-42A3-9474-1A3956D46DE8}") = "Task1", "Task1", "{247F895D-66B4-461F-9BB2-0FB9FE364EA1}"
EndProject
Project("{FAE04EC0-301F-11D3-BF4B-00C04F79EFBC}") = "Tyuiu.ZainetdinovRA.Sprint4.Task1.V1", "Tyuiu.ZainetdinovRA.Sprint4.Task1.V1\Tyuiu.ZainetdinovRA.Sprint4.Task1.V1.csproj", "{18D169DA-9C9C-407D-887C-7BA3A1A6B023}"
EndProject
Project("{FAE04EC0-301F-11D3-BF4B-00C04F79EFBC}") = "Tyuiu.ZainetdinovRA.Sprint4.Task1.V1.Lib", "Tyuiu.ZainetdinovRA.Sprint4.Task1.V1.Lib\Tyuiu.ZainetdinovRA.Sprint4.Task1.V1.Lib.csproj", "{C9611BFB-243B-43E9-AFCA-0D9EE9D13ACF}"
EndProject
Project("{FAE04EC0-301F-11D3-BF4B-00C04F79EFBC}") = "Tyuiu.ZainetdinovRA.Sprint4.Task1.V1.Test", "Tyuiu.ZainetdinovRA.Sprint4.Task1.V1.Test\Tyuiu.ZainetdinovRA.Sprint4.Task1.V1.Test.csproj", "{38B385F9-FFB1-46A9-B73F-82B68969CB50}"
EndProject
Project("{2150E333-8FDC-42A3-9474-1A3956D46DE8}") = "Task2", "Task2", "{7BD76BB0-3A84-4343-9A15-5FD91702215A}"
EndProject
Project("{FAE04EC0-301F-11D3-BF4B-00C04F79EFBC}") = "Tyuiu.ZainetdinovRA.Sprint4.Task2.V5", "Tyuiu.ZainetdinovRA.Sprint4.Task2.V5\Tyuiu.ZainetdinovRA.Sprint4.Task2.V5.csproj", "{C348FBCC-533E-4EA2-A636-242FEEAE11A2}"
EndProject
Project("{FAE04EC0-301F-11D3-BF4B-00C04F79EFBC}") = "Tyuiu.ZainetdinovRA.Sprint4.Task2.V5.Lib", "Tyuiu.ZainetdinovRA.Sprint4.Task2.V5.Lib\Tyuiu.ZainetdinovRA.Sprint4.Task2.V5.Lib.csproj", "{267B201B-FE54-485B-8B45-AD00978C9ABC}"
EndProject
Project("{FAE04EC0-301F-11D3-BF4B-00C04F79EFBC}") = "Tyuiu.ZainetdinovRA.Sprint4.Task2.V5.Test", "Tyuiu.ZainetdinovRA.Sprint4.Task2.V5.Test\Tyuiu.ZainetdinovRA.Sprint4.Task2.V5.Test.csproj", "{00B02480-0334-4270-B715-0C2A68E9FD53}"
EndProject
Project("{2150E333-8FDC-42A3-9474-1A3956D46DE8}") = "Task3", "Task3", "{7C8D5EF5-CC73-4A7F-A34F-69AA4D12AA4E}"
EndProject
Project("{FAE04EC0-301F-11D3-BF4B-00C04F79EFBC}") = "Tyuiu.ZainetdinovRA.Sprint4.Task3.V19", "Tyuiu.ZainetdinovRA.Sprint4.Task3.V19\Tyuiu.ZainetdinovRA.Sprint4.Task3.V19.csproj", "{9C1B0CC5-6E01-4C8C-B915-C4FD41270F02}"
EndProject
Project("{FAE04EC0-301F-11D3-BF4B-00C04F79EFBC}") = "Tyuiu.ZainetdinovRA.Sprint4.Task3.V19.Lib", "Tyuiu.ZainetdinovRA.Sprint4.Task3.V19.Lib\Tyuiu.ZainetdinovRA.Sprint4.Task3.V19.Lib.csproj", "{475971E0-D9A2-4CD2-B105-534086B1C579}"
EndProject
Project("{FAE04EC0-301F-11D3-BF4B-00C04F79EFBC}") = "Tyuiu.ZainetdinovRA.Sprint4.Task3.V19.Test", "Tyuiu.ZainetdinovRA.Sprint4.Task3.V19.Test\Tyuiu.ZainetdinovRA.Sprint4.Task3.V19.Test.csproj", "{B74A25B4-632F-4A6B-A435-70C79DBC4C00}"
EndProject
Project("{2150E333-8FDC-42A3-9474-1A3956D46DE8}") = "Task4", "Task4", "{BD6B4D2D-8021-4CE1-B7C7-6B99BEC2A281}"
EndProject
Project("{FAE04EC0-301F-11D3-BF4B-00C04F79EFBC}") = "Tyuiu.ZainetdinovRA.Sprint4.Task4.V21", "Tyuiu.ZainetdinovRA.Sprint4.Task4.V21\Tyuiu.ZainetdinovRA.Sprint4.Task4.V21.csproj", "{8A4838E8-5B98-4BCC-9724-24CF77262B95}"
EndProject
Project("{FAE04EC0-301F-11D3-BF4B-00C04F79EFBC}") = "Tyuiu.ZainetdinovRA.Sprint4.Task4.V21.Lib", "Tyuiu.ZainetdinovRA.Sprint4.Task4.V21.Lib\Tyuiu.ZainetdinovRA.Sprint4.Task4.V21.Lib.csproj", "{7C8290E9-C3E0-4594-B450-50C19D988963}"
EndProject
Project("{FAE04EC0-301F-11D3-BF4B-00C04F79EFBC}") = "Tyuiu.ZainetdinovRA.Sprint4.Task4.V21.Test", "Tyuiu.ZainetdinovRA.Sprint4.Task4.V21.Test\Tyuiu.ZainetdinovRA.Sprint4.Task4.V21.Test.csproj", "{48800022-EE7B-44FC-9C79-AA166549FBE6}"
EndProject
Global
	GlobalSection(SolutionConfigurationPlatforms) = preSolution
		Debug|Any CPU = Debug|Any CPU
		Release|Any CPU = Release|Any CPU
	EndGlobalSection
	GlobalSection(ProjectConfigurationPlatforms) = postSolution
		{E340026E-7E1F-4333-8278-157EBFA36AA9}.Debug|Any CPU.ActiveCfg = Debug|Any CPU
		{E340026E-7E1F-4333-8278-157EBFA36AA9}.Debug|Any CPU.Build.0 = Debug|Any CPU
		{E340026E-7E1F-4333-8278-157EBFA36AA9}.Release|Any CPU.ActiveCfg = Release|Any CPU
		{E340026E-7E1F-4333-8278-157EBFA36AA9}.Release|Any CPU.Build.0 = Release|Any CPU
		{D7F9D74B-7691-4831-B1C8-55814EF413E2}.Debug|Any CPU.ActiveCfg = Debug|Any CPU
		{D7F9D74B-7691-4831-B1C8-55814EF413E2}.Debug|Any CPU.Build.0 = Debug|Any CPU
		{D7F9D74B-7691-4831-B1C8-55814EF413E2}.Release|Any CPU.ActiveCfg = Release|Any CPU
		{D7F9D74B-7691-4831-B1C8-55814EF413E2}.Release|Any CPU.Build.0 = Release|Any CPU
		{9DDD20BA-658E-4DD7-9F8E-B1E2882D31A0}.Debug|Any CPU.ActiveCfg = Debug|Any CPU
		{9DDD20BA-658E-4DD7-9F8E-B1E2882D31A0}.Debug|Any CPU.Build.0 = Debug|Any CPU
		{9DDD20BA-658E-4DD7-9F8E-B1E2882D31A0}.Release|Any CPU.ActiveCfg = Release|Any CPU
		{9DDD20BA-658E-4DD7-9F8E-B1E2882D31A0}.Release|Any CPU.Build.0 = Release|Any CPU
		{18D169DA-9C9C-407D-887C-7BA3A1A6B023}.Debug|Any CPU.ActiveCfg = Debug|Any CPU
		{18D169DA-9C9C-407D-887C-7BA3A1A6B023}.Debug|Any CPU.Build.0 = Debug|Any CPU
		{18D169DA-9C9C-407D-887C-7BA3A1A6B023}.Release|Any CPU.ActiveCfg = Release|Any CPU
		{18D169DA-9C9C-407D-887C-7BA3A1A6B023}.Release|Any CPU.Build.0 = Release|Any CPU
		{C9611BFB-243B-43E9-AFCA-0D9EE9D13ACF}.Debug|Any CPU.ActiveCfg = Debug|Any CPU
		{C9611BFB-243B-43E9-AFCA-0D9EE9D13ACF}.Debug|Any CPU.Build.0 = Debug|Any CPU
		{C9611BFB-243B-43E9-AFCA-0D9EE9D13ACF}.Release|Any CPU.ActiveCfg = Release|Any CPU
		{C9611BFB-243B-43E9-AFCA-0D9EE9D13ACF}.Release|Any CPU.Build.0 = Release|Any CPU
		{38B385F9-FFB1-46A9-B73F-82B68969CB50}.Debug|Any CPU.ActiveCfg = Debug|Any CPU
		{38B385F9-FFB1-46A9-B73F-82B68969CB50}.Debug|Any CPU.Build.0 = Debug|Any CPU
		{38B385F9-FFB1-46A9-B73F-82B68969CB50}.Release|Any CPU.ActiveCfg = Release|Any CPU
		{38B385F9-FFB1-46A9-B73F-82B68969CB50}.Release|Any CPU.Build.0 = Release|Any CPU
		{C348FBCC-533E-4EA2-A636-242FEEAE11A2}.Debug|Any CPU.ActiveCfg = Debug|Any CPU
		{C348FBCC-533E-4EA2-A636-242FEEAE11A2}.Debug|Any CPU.Build.0 = Debug|Any CPU
		{C348FBCC-533E-4EA2-A636-242FEEAE11A2}.Release|Any CPU.ActiveCfg = Release|Any CPU
		{C348FBCC-533E-4EA2-A636-242FEEAE11A2}.Release|Any CPU.Build.0 = Release|Any CPU
		{267B201B-FE54-485B-8B45-AD00978C9ABC}.Debug|Any CPU.ActiveCfg = Debug|Any CPU
		{267B201B-FE54-485B-8B45-AD00978C9ABC}.Debug|Any CPU.Build.0 = Debug|Any CPU
		{267B201B-FE54-485B-8B45-AD00978C9ABC}.Release|Any CPU.ActiveCfg = Release|Any CPU
		{267B201B-FE54-485B-8B45-AD00978C9ABC}.Release|Any CPU.Build.0 = Release|Any CPU
		{00B02480-0334-4270-B715-0C2A68E9FD53}.Debug|Any CPU.ActiveCfg = Debug|Any CPU
		{00B02480-0334-4270-B715-0C2A68E9FD53}.Debug|Any CPU.Build.0 = Debug|Any CPU
		{00B02480-0334-4270-B715-0C2A68E9FD53}.Release|Any CPU.ActiveCfg = Release|Any CPU
		{00B02480-0334-4270-B715-0C2A68E9FD53}.Release|Any CPU.Build.0 = Release|Any CPU
		{9C1B0CC5-6E01-4C8C-B915-C4FD41270F02}.Debug|Any CPU.ActiveCfg = Debug|Any CPU
		{9C1B0CC5-6E01-4C8C-B915-C4FD41270F02}.Debug|Any CPU.Build.0 = Debug|Any CPU
		{9C1B0CC5-6E01-4C8C-B915-C4FD41270F02}.Release|Any CPU.ActiveCfg = Release|Any CPU
		{9C1B0CC5-6E01-4C8C-B915-C4FD41270F02}.Release|Any CPU.Build.0 = Release|Any CPU
		{475971E0-D9A2-4CD2-B105-534086B1C579}.Debug|Any CPU.ActiveCfg = Debug|Any CPU
		{475971E0-D9A2-4CD2-B105-534086B1C579}.Debug|Any CPU.Build.0 = Debug|Any CPU
		{475971E0-D9A2-4CD2-B105-534086B1C579}.Release|Any CPU.ActiveCfg = Release|Any CPU
		{475971E0-D9A2-4CD2-B105-534086B1C579}.Release|Any CPU.Build.0 = Release|Any CPU
		{B74A25B4-632F-4A6B-A435-70C79DBC4C00}.Debug|Any CPU.ActiveCfg = Debug|Any CPU
		{B74A25B4-632F-4A6B-A435-70C79DBC4C00}.Debug|Any CPU.Build.0 = Debug|Any CPU
		{B74A25B4-632F-4A6B-A435-70C79DBC4C00}.Release|Any CPU.ActiveCfg = Release|Any CPU
		{B74A25B4-632F-4A6B-A435-70C79DBC4C00}.Release|Any CPU.Build.0 = Release|Any CPU
		{8A4838E8-5B98-4BCC-9724-24CF77262B95}.Debug|Any CPU.ActiveCfg = Debug|Any CPU
		{8A4838E8-5B98-4BCC-9724-24CF77262B95}.Debug|Any CPU.Build.0 = Debug|Any CPU
		{8A4838E8-5B98-4BCC-9724-24CF77262B95}.Release|Any CPU.ActiveCfg = Release|Any CPU
		{8A4838E8-5B98-4BCC-9724-24CF77262B95}.Release|Any CPU.Build.0 = Release|Any CPU
		{7C8290E9-C3E0-4594-B450-50C19D988963}.Debug|Any CPU.ActiveCfg = Debug|Any CPU
		{7C8290E9-C3E0-4594-B450-50C19D988963}.Debug|Any CPU.Build.0 = Debug|Any CPU
		{7C8290E9-C3E0-4594-B450-50C19D988963}.Release|Any CPU.ActiveCfg = Release|Any CPU
		{7C8290E9-C3E0-4594-B450-50C19D988963}.Release|Any CPU.Build.0 = Release|Any CPU
		{48800022-EE7B-44FC-9C79-AA166549FBE6}.Debug|Any CPU.ActiveCfg = Debug|Any CPU
		{48800022-EE7B-44FC-9C79-AA166549FBE6}.Debug|Any CPU.Build.0 = Debug|Any CPU
		{48800022-EE7B-44FC-9C79-AA166549FBE6}.Release|Any CPU.ActiveCfg = Release|Any CPU
		{48800022-EE7B-44FC-9C79-AA166549FBE6}.Release|Any CPU.Build.0 = Release|Any CPU
	EndGlobalSection
	GlobalSection(SolutionProperties) = preSolution
		HideSolutionNode = FALSE
	EndGlobalSection
	GlobalSection(NestedProjects) = preSolution
		{E340026E-7E1F-4333-8278-157EBFA36AA9} = {361CFE67-25A0-479F-8F2C-5B4F75054F56}
		{D7F9D74B-7691-4831-B1C8-55814EF413E2} = {361CFE67-25A0-479F-8F2C-5B4F75054F56}
		{9DDD20BA-658E-4DD7-9F8E-B1E2882D31A0} = {361CFE67-25A0-479F-8F2C-5B4F75054F56}
		{18D169DA-9C9C-407D-887C-7BA3A1A6B023} = {247F895D-66B4-461F-9BB2-0FB9FE364EA1}
		{C9611BFB-243B-43E9-AFCA-0D9EE9D13ACF} = {247F895D-66B4-461F-9BB2-0FB9FE364EA1}
		{38B385F9-FFB1-46A9-B73F-82B68969CB50} = {247F895D-66B4-461F-9BB2-0FB9FE364EA1}
		{C348FBCC-533E-4EA2-A636-242FEEAE11A2} = {7BD76BB0-3A84-4343-9A15-5FD91702215A}
		{267B201B-FE54-485B-8B45-AD00978C9ABC} = {7BD76BB0-3A84-4343-9A15-5FD91702215A}
		{00B02480-0334-4270-B715-0C2A68E9FD53} = {7BD76BB0-3A84-4343-9A15-5FD91702215A}
		{9C1B0CC5-6E01-4C8C-B915-C4FD41270F02} = {7C8D5EF5-CC73-4A7F-A34F-69AA4D12AA4E}
		{475971E0-D9A2-4CD2-B105-534086B1C579} = {7C8D5EF5-CC73-4A7F-A34F-69AA4D12AA4E}
		{B74A25B4-632F-4A6B-A435-70C79DBC4C00} = {7C8D5EF5-CC73-4A7F-A34F-69AA4D12AA4E}
		{8A4838E8-5B98-4BCC-9724-24CF77262B95} = {BD6B4D2D-8021-4CE1-B7C7-6B99BEC2A281}
		{7C8290E9-C3E0-4594-B450-50C19D988963} = {BD6B4D2D-8021-4CE1-B7C7-6B99BEC2A281}
		{48800022-EE7B-44FC-9C79-AA166549FBE6} = {BD6B4D2D-8021-4CE1-B7C7-6B99BEC2A281}
	EndGlobalSection
EndGlobal
